
Microsoft Visual Studio Solution File, Format Version 12.00
# Visual Studio Version 17
VisualStudioVersion = 17.1.32228.430
MinimumVisualStudioVersion = 10.0.40219.1
Project("{9A19103F-16F7-4668-BE54-9A1E7A4F7556}") = "FastNotesAPI", "FastNotesAPI\FastNotesAPI.csproj", "{EC1BE809-096D-4FE7-82FE-80A9D3A0F6F4}"
EndProject
Project("{FAE04EC0-301F-11D3-BF4B-00C04F79EFBC}") = "MyNotes.Android", "MyNotes\MyNotes.Android\MyNotes.Android.csproj", "{1132A8B8-26EE-4439-B91C-A560FD819CB1}"
EndProject
Project("{9A19103F-16F7-4668-BE54-9A1E7A4F7556}") = "MyNotes", "MyNotes\MyNotes\MyNotes.csproj", "{6641D34D-0D17-4BFC-A25B-2F8523AF7C38}"
EndProject
Project("{2150E333-8FDC-42A3-9474-1A3956D46DE8}") = "API", "API", "{AA41DDEA-21F3-4F27-96CD-7F2A0D8A1AA9}"
EndProject
Project("{2150E333-8FDC-42A3-9474-1A3956D46DE8}") = "Unidad01", "Unidad01", "{12B92A3B-532F-4E5E-9716-08692D002AF1}"
EndProject
Project("{2150E333-8FDC-42A3-9474-1A3956D46DE8}") = "Unidad02", "Unidad02", "{F3908FC8-C14D-4B5B-AD77-8FACAD61E27F}"
EndProject
Project("{FAE04EC0-301F-11D3-BF4B-00C04F79EFBC}") = "LoginApp.Android", "LoginApp\LoginApp.Android\LoginApp.Android.csproj", "{C6CF87B7-AD43-4D15-8338-8F30F5A47B1F}"
EndProject
Project("{FAE04EC0-301F-11D3-BF4B-00C04F79EFBC}") = "LoginApp", "LoginApp\LoginApp\LoginApp.csproj", "{9CE68088-0432-4EBE-9A68-B88FA73EE028}"
EndProject
Global
	GlobalSection(SolutionConfigurationPlatforms) = preSolution
		Debug|Any CPU = Debug|Any CPU
		Release|Any CPU = Release|Any CPU
	EndGlobalSection
	GlobalSection(ProjectConfigurationPlatforms) = postSolution
		{EC1BE809-096D-4FE7-82FE-80A9D3A0F6F4}.Debug|Any CPU.ActiveCfg = Debug|Any CPU
		{EC1BE809-096D-4FE7-82FE-80A9D3A0F6F4}.Debug|Any CPU.Build.0 = Debug|Any CPU
		{EC1BE809-096D-4FE7-82FE-80A9D3A0F6F4}.Release|Any CPU.ActiveCfg = Release|Any CPU
		{EC1BE809-096D-4FE7-82FE-80A9D3A0F6F4}.Release|Any CPU.Build.0 = Release|Any CPU
		{1132A8B8-26EE-4439-B91C-A560FD819CB1}.Debug|Any CPU.ActiveCfg = Debug|Any CPU
		{1132A8B8-26EE-4439-B91C-A560FD819CB1}.Debug|Any CPU.Build.0 = Debug|Any CPU
		{1132A8B8-26EE-4439-B91C-A560FD819CB1}.Debug|Any CPU.Deploy.0 = Debug|Any CPU
		{1132A8B8-26EE-4439-B91C-A560FD819CB1}.Release|Any CPU.ActiveCfg = Release|Any CPU
		{1132A8B8-26EE-4439-B91C-A560FD819CB1}.Release|Any CPU.Build.0 = Release|Any CPU
		{1132A8B8-26EE-4439-B91C-A560FD819CB1}.Release|Any CPU.Deploy.0 = Release|Any CPU
		{6641D34D-0D17-4BFC-A25B-2F8523AF7C38}.Debug|Any CPU.ActiveCfg = Debug|Any CPU
		{6641D34D-0D17-4BFC-A25B-2F8523AF7C38}.Debug|Any CPU.Build.0 = Debug|Any CPU
		{6641D34D-0D17-4BFC-A25B-2F8523AF7C38}.Release|Any CPU.ActiveCfg = Release|Any CPU
		{6641D34D-0D17-4BFC-A25B-2F8523AF7C38}.Release|Any CPU.Build.0 = Release|Any CPU
		{C6CF87B7-AD43-4D15-8338-8F30F5A47B1F}.Debug|Any CPU.ActiveCfg = Debug|Any CPU
		{C6CF87B7-AD43-4D15-8338-8F30F5A47B1F}.Debug|Any CPU.Build.0 = Debug|Any CPU
		{C6CF87B7-AD43-4D15-8338-8F30F5A47B1F}.Debug|Any CPU.Deploy.0 = Debug|Any CPU
		{C6CF87B7-AD43-4D15-8338-8F30F5A47B1F}.Release|Any CPU.ActiveCfg = Release|Any CPU
		{C6CF87B7-AD43-4D15-8338-8F30F5A47B1F}.Release|Any CPU.Build.0 = Release|Any CPU
		{C6CF87B7-AD43-4D15-8338-8F30F5A47B1F}.Release|Any CPU.Deploy.0 = Release|Any CPU
		{9CE68088-0432-4EBE-9A68-B88FA73EE028}.Debug|Any CPU.ActiveCfg = Debug|Any CPU
		{9CE68088-0432-4EBE-9A68-B88FA73EE028}.Debug|Any CPU.Build.0 = Debug|Any CPU
		{9CE68088-0432-4EBE-9A68-B88FA73EE028}.Release|Any CPU.ActiveCfg = Release|Any CPU
		{9CE68088-0432-4EBE-9A68-B88FA73EE028}.Release|Any CPU.Build.0 = Release|Any CPU
	EndGlobalSection
	GlobalSection(SolutionProperties) = preSolution
		HideSolutionNode = FALSE
	EndGlobalSection
	GlobalSection(NestedProjects) = preSolution
		{EC1BE809-096D-4FE7-82FE-80A9D3A0F6F4} = {AA41DDEA-21F3-4F27-96CD-7F2A0D8A1AA9}
		{1132A8B8-26EE-4439-B91C-A560FD819CB1} = {12B92A3B-532F-4E5E-9716-08692D002AF1}
		{6641D34D-0D17-4BFC-A25B-2F8523AF7C38} = {12B92A3B-532F-4E5E-9716-08692D002AF1}
		{C6CF87B7-AD43-4D15-8338-8F30F5A47B1F} = {F3908FC8-C14D-4B5B-AD77-8FACAD61E27F}
		{9CE68088-0432-4EBE-9A68-B88FA73EE028} = {F3908FC8-C14D-4B5B-AD77-8FACAD61E27F}
	EndGlobalSection
	GlobalSection(ExtensibilityGlobals) = postSolution
		SolutionGuid = {E8E0267F-1BB6-4936-9747-27FF5D73AF53}
	EndGlobalSection
EndGlobal
